// !$*UTF8*$!
{
	archiveVersion = 1;
	classes = {
	};
	objectVersion = 56;
	objects = {

/* Begin PBXBuildFile section */
		3CAC280929588A6700D2B718 /* Footer.swift in Sources */ = {isa = PBXBuildFile; fileRef = 3CAC280829588A6700D2B718 /* Footer.swift */; };
		3CAC280C295892B900D2B718 /* GuideComponent.swift in Sources */ = {isa = PBXBuildFile; fileRef = 3CAC280B295892B900D2B718 /* GuideComponent.swift */; };
		3CAC280E2958970D00D2B718 /* GuideView.swift in Sources */ = {isa = PBXBuildFile; fileRef = 3CAC280D2958970D00D2B718 /* GuideView.swift */; };
		3CAC281029589C9800D2B718 /* GuideHeader.swift in Sources */ = {isa = PBXBuildFile; fileRef = 3CAC280F29589C9800D2B718 /* GuideHeader.swift */; };
		3CAC28122958B1C400D2B718 /* InfoView.swift in Sources */ = {isa = PBXBuildFile; fileRef = 3CAC28112958B1C400D2B718 /* InfoView.swift */; };
		3CAC28152958B30000D2B718 /* TitleModifier.swift in Sources */ = {isa = PBXBuildFile; fileRef = 3CAC28142958B30000D2B718 /* TitleModifier.swift */; };
		3CAC28172958B5A900D2B718 /* InfoItem.swift in Sources */ = {isa = PBXBuildFile; fileRef = 3CAC28162958B5A900D2B718 /* InfoItem.swift */; };
		3CAC28192958BB2700D2B718 /* ButtonModifier.swift in Sources */ = {isa = PBXBuildFile; fileRef = 3CAC28182958BB2700D2B718 /* ButtonModifier.swift */; };
		3CCEA0BA29587BC400912EFB /* HoneymoonApp.swift in Sources */ = {isa = PBXBuildFile; fileRef = 3CCEA0B929587BC400912EFB /* HoneymoonApp.swift */; };
		3CCEA0BC29587BC400912EFB /* ContentView.swift in Sources */ = {isa = PBXBuildFile; fileRef = 3CCEA0BB29587BC400912EFB /* ContentView.swift */; };
		3CCEA0BE29587BC600912EFB /* Assets.xcassets in Resources */ = {isa = PBXBuildFile; fileRef = 3CCEA0BD29587BC600912EFB /* Assets.xcassets */; };
		3CCEA0C129587BC600912EFB /* Preview Assets.xcassets in Resources */ = {isa = PBXBuildFile; fileRef = 3CCEA0C029587BC600912EFB /* Preview Assets.xcassets */; };
		3CCEA0CB29587D1400912EFB /* Card.swift in Sources */ = {isa = PBXBuildFile; fileRef = 3CCEA0CA29587D1400912EFB /* Card.swift */; };
		3CCEA0CD2958845B00912EFB /* Home.swift in Sources */ = {isa = PBXBuildFile; fileRef = 3CCEA0CC2958845B00912EFB /* Home.swift */; };
		3CCEA0CF2958848400912EFB /* Header.swift in Sources */ = {isa = PBXBuildFile; fileRef = 3CCEA0CE2958848400912EFB /* Header.swift */; };
/* End PBXBuildFile section */

/* Begin PBXFileReference section */
		3CAC280829588A6700D2B718 /* Footer.swift */ = {isa = PBXFileReference; lastKnownFileType = sourcecode.swift; path = Footer.swift; sourceTree = "<group>"; };
		3CAC280B295892B900D2B718 /* GuideComponent.swift */ = {isa = PBXFileReference; lastKnownFileType = sourcecode.swift; path = GuideComponent.swift; sourceTree = "<group>"; };
		3CAC280D2958970D00D2B718 /* GuideView.swift */ = {isa = PBXFileReference; lastKnownFileType = sourcecode.swift; path = GuideView.swift; sourceTree = "<group>"; };
		3CAC280F29589C9800D2B718 /* GuideHeader.swift */ = {isa = PBXFileReference; lastKnownFileType = sourcecode.swift; path = GuideHeader.swift; sourceTree = "<group>"; };
		3CAC28112958B1C400D2B718 /* InfoView.swift */ = {isa = PBXFileReference; lastKnownFileType = sourcecode.swift; path = InfoView.swift; sourceTree = "<group>"; };
		3CAC28142958B30000D2B718 /* TitleModifier.swift */ = {isa = PBXFileReference; lastKnownFileType = sourcecode.swift; path = TitleModifier.swift; sourceTree = "<group>"; };
		3CAC28162958B5A900D2B718 /* InfoItem.swift */ = {isa = PBXFileReference; lastKnownFileType = sourcecode.swift; path = InfoItem.swift; sourceTree = "<group>"; };
		3CAC28182958BB2700D2B718 /* ButtonModifier.swift */ = {isa = PBXFileReference; lastKnownFileType = sourcecode.swift; path = ButtonModifier.swift; sourceTree = "<group>"; };
		3CCEA0B629587BC400912EFB /* Honeymoon.app */ = {isa = PBXFileReference; explicitFileType = wrapper.application; includeInIndex = 0; path = Honeymoon.app; sourceTree = BUILT_PRODUCTS_DIR; };
		3CCEA0B929587BC400912EFB /* HoneymoonApp.swift */ = {isa = PBXFileReference; lastKnownFileType = sourcecode.swift; path = HoneymoonApp.swift; sourceTree = "<group>"; };
		3CCEA0BB29587BC400912EFB /* ContentView.swift */ = {isa = PBXFileReference; lastKnownFileType = sourcecode.swift; path = ContentView.swift; sourceTree = "<group>"; };
		3CCEA0BD29587BC600912EFB /* Assets.xcassets */ = {isa = PBXFileReference; lastKnownFileType = folder.assetcatalog; path = Assets.xcassets; sourceTree = "<group>"; };
		3CCEA0C029587BC600912EFB /* Preview Assets.xcassets */ = {isa = PBXFileReference; lastKnownFileType = folder.assetcatalog; path = "Preview Assets.xcassets"; sourceTree = "<group>"; };
		3CCEA0CA29587D1400912EFB /* Card.swift */ = {isa = PBXFileReference; lastKnownFileType = sourcecode.swift; path = Card.swift; sourceTree = "<group>"; };
		3CCEA0CC2958845B00912EFB /* Home.swift */ = {isa = PBXFileReference; lastKnownFileType = sourcecode.swift; path = Home.swift; sourceTree = "<group>"; };
		3CCEA0CE2958848400912EFB /* Header.swift */ = {isa = PBXFileReference; lastKnownFileType = sourcecode.swift; path = Header.swift; sourceTree = "<group>"; };
/* End PBXFileReference section */

/* Begin PBXFrameworksBuildPhase section */
		3CCEA0B329587BC400912EFB /* Frameworks */ = {
			isa = PBXFrameworksBuildPhase;
			buildActionMask = 2147483647;
			files = (
			);
			runOnlyForDeploymentPostprocessing = 0;
		};
/* End PBXFrameworksBuildPhase section */

/* Begin PBXGroup section */
		3CAC280A2958928A00D2B718 /* Components */ = {
			isa = PBXGroup;
			children = (
				3CCEA0CA29587D1400912EFB /* Card.swift */,
				3CCEA0CE2958848400912EFB /* Header.swift */,
				3CAC280829588A6700D2B718 /* Footer.swift */,
				3CAC280B295892B900D2B718 /* GuideComponent.swift */,
				3CAC280F29589C9800D2B718 /* GuideHeader.swift */,
				3CAC28162958B5A900D2B718 /* InfoItem.swift */,
			);
			path = Components;
			sourceTree = "<group>";
		};
		3CAC28132958B2EE00D2B718 /* Modifiers */ = {
			isa = PBXGroup;
			children = (
				3CAC28142958B30000D2B718 /* TitleModifier.swift */,
				3CAC28182958BB2700D2B718 /* ButtonModifier.swift */,
			);
			path = Modifiers;
			sourceTree = "<group>";
		};
		3CCEA0AD29587BC400912EFB = {
			isa = PBXGroup;
			children = (
				3CCEA0B829587BC400912EFB /* Honeymoon */,
				3CCEA0B729587BC400912EFB /* Products */,
			);
			sourceTree = "<group>";
		};
		3CCEA0B729587BC400912EFB /* Products */ = {
			isa = PBXGroup;
			children = (
				3CCEA0B629587BC400912EFB /* Honeymoon.app */,
			);
			name = Products;
			sourceTree = "<group>";
		};
		3CCEA0B829587BC400912EFB /* Honeymoon */ = {
			isa = PBXGroup;
			children = (
				3CAC28132958B2EE00D2B718 /* Modifiers */,
				3CAC280A2958928A00D2B718 /* Components */,
				3CCEA0C929587D0500912EFB /* View */,
				3CCEA0C829587CF700912EFB /* Model */,
				3CCEA0C729587CED00912EFB /* Data */,
				3CCEA0B929587BC400912EFB /* HoneymoonApp.swift */,
				3CCEA0BB29587BC400912EFB /* ContentView.swift */,
				3CCEA0BD29587BC600912EFB /* Assets.xcassets */,
				3CCEA0BF29587BC600912EFB /* Preview Content */,
			);
			path = Honeymoon;
			sourceTree = "<group>";
		};
		3CCEA0BF29587BC600912EFB /* Preview Content */ = {
			isa = PBXGroup;
			children = (
				3CCEA0C029587BC600912EFB /* Preview Assets.xcassets */,
			);
			path = "Preview Content";
			sourceTree = "<group>";
		};
		3CCEA0C729587CED00912EFB /* Data */ = {
			isa = PBXGroup;
			children = (
			);
			path = Data;
			sourceTree = "<group>";
		};
		3CCEA0C829587CF700912EFB /* Model */ = {
			isa = PBXGroup;
			children = (
			);
			path = Model;
			sourceTree = "<group>";
		};
		3CCEA0C929587D0500912EFB /* View */ = {
			isa = PBXGroup;
			children = (
				3CCEA0CC2958845B00912EFB /* Home.swift */,
				3CAC280D2958970D00D2B718 /* GuideView.swift */,
				3CAC28112958B1C400D2B718 /* InfoView.swift */,
			);
			path = View;
			sourceTree = "<group>";
		};
/* End PBXGroup section */

/* Begin PBXNativeTarget section */
		3CCEA0B529587BC400912EFB /* Honeymoon */ = {
			isa = PBXNativeTarget;
			buildConfigurationList = 3CCEA0C429587BC600912EFB /* Build configuration list for PBXNativeTarget "Honeymoon" */;
			buildPhases = (
				3CCEA0B229587BC400912EFB /* Sources */,
				3CCEA0B329587BC400912EFB /* Frameworks */,
				3CCEA0B429587BC400912EFB /* Resources */,
			);
			buildRules = (
			);
			dependencies = (
			);
			name = Honeymoon;
			productName = Honeymoon;
			productReference = 3CCEA0B629587BC400912EFB /* Honeymoon.app */;
			productType = "com.apple.product-type.application";
		};
/* End PBXNativeTarget section */

/* Begin PBXProject section */
		3CCEA0AE29587BC400912EFB /* Project object */ = {
			isa = PBXProject;
			attributes = {
				BuildIndependentTargetsInParallel = 1;
				LastSwiftUpdateCheck = 1410;
				LastUpgradeCheck = 1410;
				TargetAttributes = {
					3CCEA0B529587BC400912EFB = {
						CreatedOnToolsVersion = 14.1;
					};
				};
			};
			buildConfigurationList = 3CCEA0B129587BC400912EFB /* Build configuration list for PBXProject "Honeymoon" */;
			compatibilityVersion = "Xcode 14.0";
			developmentRegion = en;
			hasScannedForEncodings = 0;
			knownRegions = (
				en,
				Base,
			);
			mainGroup = 3CCEA0AD29587BC400912EFB;
			productRefGroup = 3CCEA0B729587BC400912EFB /* Products */;
			projectDirPath = "";
			projectRoot = "";
			targets = (
				3CCEA0B529587BC400912EFB /* Honeymoon */,
			);
		};
/* End PBXProject section */

/* Begin PBXResourcesBuildPhase section */
		3CCEA0B429587BC400912EFB /* Resources */ = {
			isa = PBXResourcesBuildPhase;
			buildActionMask = 2147483647;
			files = (
				3CCEA0C129587BC600912EFB /* Preview Assets.xcassets in Resources */,
				3CCEA0BE29587BC600912EFB /* Assets.xcassets in Resources */,
			);
			runOnlyForDeploymentPostprocessing = 0;
		};
/* End PBXResourcesBuildPhase section */

/* Begin PBXSourcesBuildPhase section */
		3CCEA0B229587BC400912EFB /* Sources */ = {
			isa = PBXSourcesBuildPhase;
			buildActionMask = 2147483647;
			files = (
				3CAC28192958BB2700D2B718 /* ButtonModifier.swift in Sources */,
				3CAC280929588A6700D2B718 /* Footer.swift in Sources */,
				3CCEA0CF2958848400912EFB /* Header.swift in Sources */,
				3CCEA0BC29587BC400912EFB /* ContentView.swift in Sources */,
				3CAC28152958B30000D2B718 /* TitleModifier.swift in Sources */,
				3CAC280E2958970D00D2B718 /* GuideView.swift in Sources */,
				3CCEA0CB29587D1400912EFB /* Card.swift in Sources */,
				3CCEA0CD2958845B00912EFB /* Home.swift in Sources */,
				3CAC281029589C9800D2B718 /* GuideHeader.swift in Sources */,
				3CAC28172958B5A900D2B718 /* InfoItem.swift in Sources */,
				3CCEA0BA29587BC400912EFB /* HoneymoonApp.swift in Sources */,
				3CAC28122958B1C400D2B718 /* InfoView.swift in Sources */,
				3CAC280C295892B900D2B718 /* GuideComponent.swift in Sources */,
			);
			runOnlyForDeploymentPostprocessing = 0;
		};
/* End PBXSourcesBuildPhase section */

/* Begin XCBuildConfiguration section */
		3CCEA0C229587BC600912EFB /* Debug */ = {
			isa = XCBuildConfiguration;
			buildSettings = {
				ALWAYS_SEARCH_USER_PATHS = NO;
				CLANG_ANALYZER_NONNULL = YES;
				CLANG_ANALYZER_NUMBER_OBJECT_CONVERSION = YES_AGGRESSIVE;
				CLANG_CXX_LANGUAGE_STANDARD = "gnu++20";
				CLANG_ENABLE_MODULES = YES;
				CLANG_ENABLE_OBJC_ARC = YES;
				CLANG_ENABLE_OBJC_WEAK = YES;
				CLANG_WARN_BLOCK_CAPTURE_AUTORELEASING = YES;
				CLANG_WARN_BOOL_CONVERSION = YES;
				CLANG_WARN_COMMA = YES;
				CLANG_WARN_CONSTANT_CONVERSION = YES;
				CLANG_WARN_DEPRECATED_OBJC_IMPLEMENTATIONS = YES;
				CLANG_WARN_DIRECT_OBJC_ISA_USAGE = YES_ERROR;
				CLANG_WARN_DOCUMENTATION_COMMENTS = YES;
				CLANG_WARN_EMPTY_BODY = YES;
				CLANG_WARN_ENUM_CONVERSION = YES;
				CLANG_WARN_INFINITE_RECURSION = YES;
				CLANG_WARN_INT_CONVERSION = YES;
				CLANG_WARN_NON_LITERAL_NULL_CONVERSION = YES;
				CLANG_WARN_OBJC_IMPLICIT_RETAIN_SELF = YES;
				CLANG_WARN_OBJC_LITERAL_CONVERSION = YES;
				CLANG_WARN_OBJC_ROOT_CLASS = YES_ERROR;
				CLANG_WARN_QUOTED_INCLUDE_IN_FRAMEWORK_HEADER = YES;
				CLANG_WARN_RANGE_LOOP_ANALYSIS = YES;
				CLANG_WARN_STRICT_PROTOTYPES = YES;
				CLANG_WARN_SUSPICIOUS_MOVE = YES;
				CLANG_WARN_UNGUARDED_AVAILABILITY = YES_AGGRESSIVE;
				CLANG_WARN_UNREACHABLE_CODE = YES;
				CLANG_WARN__DUPLICATE_METHOD_MATCH = YES;
				COPY_PHASE_STRIP = NO;
				DEBUG_INFORMATION_FORMAT = dwarf;
				ENABLE_STRICT_OBJC_MSGSEND = YES;
				ENABLE_TESTABILITY = YES;
				GCC_C_LANGUAGE_STANDARD = gnu11;
				GCC_DYNAMIC_NO_PIC = NO;
				GCC_NO_COMMON_BLOCKS = YES;
				GCC_OPTIMIZATION_LEVEL = 0;
				GCC_PREPROCESSOR_DEFINITIONS = (
					"DEBUG=1",
					"$(inherited)",
				);
				GCC_WARN_64_TO_32_BIT_CONVERSION = YES;
				GCC_WARN_ABOUT_RETURN_TYPE = YES_ERROR;
				GCC_WARN_UNDECLARED_SELECTOR = YES;
				GCC_WARN_UNINITIALIZED_AUTOS = YES_AGGRESSIVE;
				GCC_WARN_UNUSED_FUNCTION = YES;
				GCC_WARN_UNUSED_VARIABLE = YES;
				IPHONEOS_DEPLOYMENT_TARGET = 16.1;
				MTL_ENABLE_DEBUG_INFO = INCLUDE_SOURCE;
				MTL_FAST_MATH = YES;
				ONLY_ACTIVE_ARCH = YES;
				SDKROOT = iphoneos;
				SWIFT_ACTIVE_COMPILATION_CONDITIONS = DEBUG;
				SWIFT_OPTIMIZATION_LEVEL = "-Onone";
			};
			name = Debug;
		};
		3CCEA0C329587BC600912EFB /* Release */ = {
			isa = XCBuildConfiguration;
			buildSettings = {
				ALWAYS_SEARCH_USER_PATHS = NO;
				CLANG_ANALYZER_NONNULL = YES;
				CLANG_ANALYZER_NUMBER_OBJECT_CONVERSION = YES_AGGRESSIVE;
				CLANG_CXX_LANGUAGE_STANDARD = "gnu++20";
				CLANG_ENABLE_MODULES = YES;
				CLANG_ENABLE_OBJC_ARC = YES;
				CLANG_ENABLE_OBJC_WEAK = YES;
				CLANG_WARN_BLOCK_CAPTURE_AUTORELEASING = YES;
				CLANG_WARN_BOOL_CONVERSION = YES;
				CLANG_WARN_COMMA = YES;
				CLANG_WARN_CONSTANT_CONVERSION = YES;
				CLANG_WARN_DEPRECATED_OBJC_IMPLEMENTATIONS = YES;
				CLANG_WARN_DIRECT_OBJC_ISA_USAGE = YES_ERROR;
				CLANG_WARN_DOCUMENTATION_COMMENTS = YES;
				CLANG_WARN_EMPTY_BODY = YES;
				CLANG_WARN_ENUM_CONVERSION = YES;
				CLANG_WARN_INFINITE_RECURSION = YES;
				CLANG_WARN_INT_CONVERSION = YES;
				CLANG_WARN_NON_LITERAL_NULL_CONVERSION = YES;
				CLANG_WARN_OBJC_IMPLICIT_RETAIN_SELF = YES;
				CLANG_WARN_OBJC_LITERAL_CONVERSION = YES;
				CLANG_WARN_OBJC_ROOT_CLASS = YES_ERROR;
				CLANG_WARN_QUOTED_INCLUDE_IN_FRAMEWORK_HEADER = YES;
				CLANG_WARN_RANGE_LOOP_ANALYSIS = YES;
				CLANG_WARN_STRICT_PROTOTYPES = YES;
				CLANG_WARN_SUSPICIOUS_MOVE = YES;
				CLANG_WARN_UNGUARDED_AVAILABILITY = YES_AGGRESSIVE;
				CLANG_WARN_UNREACHABLE_CODE = YES;
				CLANG_WARN__DUPLICATE_METHOD_MATCH = YES;
				COPY_PHASE_STRIP = NO;
				DEBUG_INFORMATION_FORMAT = "dwarf-with-dsym";
				ENABLE_NS_ASSERTIONS = NO;
				ENABLE_STRICT_OBJC_MSGSEND = YES;
				GCC_C_LANGUAGE_STANDARD = gnu11;
				GCC_NO_COMMON_BLOCKS = YES;
				GCC_WARN_64_TO_32_BIT_CONVERSION = YES;
				GCC_WARN_ABOUT_RETURN_TYPE = YES_ERROR;
				GCC_WARN_UNDECLARED_SELECTOR = YES;
				GCC_WARN_UNINITIALIZED_AUTOS = YES_AGGRESSIVE;
				GCC_WARN_UNUSED_FUNCTION = YES;
				GCC_WARN_UNUSED_VARIABLE = YES;
				IPHONEOS_DEPLOYMENT_TARGET = 16.1;
				MTL_ENABLE_DEBUG_INFO = NO;
				MTL_FAST_MATH = YES;
				SDKROOT = iphoneos;
				SWIFT_COMPILATION_MODE = wholemodule;
				SWIFT_OPTIMIZATION_LEVEL = "-O";
				VALIDATE_PRODUCT = YES;
			};
			name = Release;
		};
		3CCEA0C529587BC600912EFB /* Debug */ = {
			isa = XCBuildConfiguration;
			buildSettings = {
				ASSETCATALOG_COMPILER_APPICON_NAME = AppIcon;
				ASSETCATALOG_COMPILER_GLOBAL_ACCENT_COLOR_NAME = AccentColor;
				CODE_SIGN_STYLE = Automatic;
				CURRENT_PROJECT_VERSION = 1;
				DEVELOPMENT_ASSET_PATHS = "\"Honeymoon/Preview Content\"";
				ENABLE_PREVIEWS = YES;
				GENERATE_INFOPLIST_FILE = YES;
				INFOPLIST_KEY_UIApplicationSceneManifest_Generation = YES;
				INFOPLIST_KEY_UIApplicationSupportsIndirectInputEvents = YES;
				INFOPLIST_KEY_UILaunchScreen_Generation = YES;
				INFOPLIST_KEY_UISupportedInterfaceOrientations_iPad = "UIInterfaceOrientationPortrait UIInterfaceOrientationPortraitUpsideDown UIInterfaceOrientationLandscapeLeft UIInterfaceOrientationLandscapeRight";
				INFOPLIST_KEY_UISupportedInterfaceOrientations_iPhone = "UIInterfaceOrientationPortrait UIInterfaceOrientationLandscapeLeft UIInterfaceOrientationLandscapeRight";
				LD_RUNPATH_SEARCH_PATHS = (
					"$(inherited)",
					"@executable_path/Frameworks",
				);
				MARKETING_VERSION = 1.0;
				PRODUCT_BUNDLE_IDENTIFIER = com.kakidiako.Honeymoon;
				PRODUCT_NAME = "$(TARGET_NAME)";
				SWIFT_EMIT_LOC_STRINGS = YES;
				SWIFT_VERSION = 5.0;
				TARGETED_DEVICE_FAMILY = "1,2";
			};
			name = Debug;
		};
		3CCEA0C629587BC600912EFB /* Release */ = {
			isa = XCBuildConfiguration;
			buildSettings = {
				ASSETCATALOG_COMPILER_APPICON_NAME = AppIcon;
				ASSETCATALOG_COMPILER_GLOBAL_ACCENT_COLOR_NAME = AccentColor;
				CODE_SIGN_STYLE = Automatic;
				CURRENT_PROJECT_VERSION = 1;
				DEVELOPMENT_ASSET_PATHS = "\"Honeymoon/Preview Content\"";
				ENABLE_PREVIEWS = YES;
				GENERATE_INFOPLIST_FILE = YES;
				INFOPLIST_KEY_UIApplicationSceneManifest_Generation = YES;
				INFOPLIST_KEY_UIApplicationSupportsIndirectInputEvents = YES;
				INFOPLIST_KEY_UILaunchScreen_Generation = YES;
				INFOPLIST_KEY_UISupportedInterfaceOrientations_iPad = "UIInterfaceOrientationPortrait UIInterfaceOrientationPortraitUpsideDown UIInterfaceOrientationLandscapeLeft UIInterfaceOrientationLandscapeRight";
				INFOPLIST_KEY_UISupportedInterfaceOrientations_iPhone = "UIInterfaceOrientationPortrait UIInterfaceOrientationLandscapeLeft UIInterfaceOrientationLandscapeRight";
				LD_RUNPATH_SEARCH_PATHS = (
					"$(inherited)",
					"@executable_path/Frameworks",
				);
				MARKETING_VERSION = 1.0;
				PRODUCT_BUNDLE_IDENTIFIER = com.kakidiako.Honeymoon;
				PRODUCT_NAME = "$(TARGET_NAME)";
				SWIFT_EMIT_LOC_STRINGS = YES;
				SWIFT_VERSION = 5.0;
				TARGETED_DEVICE_FAMILY = "1,2";
			};
			name = Release;
		};
/* End XCBuildConfiguration section */

/* Begin XCConfigurationList section */
		3CCEA0B129587BC400912EFB /* Build configuration list for PBXProject "Honeymoon" */ = {
			isa = XCConfigurationList;
			buildConfigurations = (
				3CCEA0C229587BC600912EFB /* Debug */,
				3CCEA0C329587BC600912EFB /* Release */,
			);
			defaultConfigurationIsVisible = 0;
			defaultConfigurationName = Release;
		};
		3CCEA0C429587BC600912EFB /* Build configuration list for PBXNativeTarget "Honeymoon" */ = {
			isa = XCConfigurationList;
			buildConfigurations = (
				3CCEA0C529587BC600912EFB /* Debug */,
				3CCEA0C629587BC600912EFB /* Release */,
			);
			defaultConfigurationIsVisible = 0;
			defaultConfigurationName = Release;
		};
/* End XCConfigurationList section */
	};
	rootObject = 3CCEA0AE29587BC400912EFB /* Project object */;
}
